// !$*UTF8*$!
{
	archiveVersion = 1;
	classes = {
	};
	objectVersion = 55;
	objects = {

/* Begin PBXBuildFile section */
		B65ECCDF28CF02D90052CAB8 /* GameStatusProtocol.swift in Sources */ = {isa = PBXBuildFile; fileRef = B65ECCDE28CF02D90052CAB8 /* GameStatusProtocol.swift */; };
		B65ECCE128CF03590052CAB8 /* GameStatus.swift in Sources */ = {isa = PBXBuildFile; fileRef = B65ECCE028CF03590052CAB8 /* GameStatus.swift */; };
		B6674EB528CB84A800196025 /* ImageCollectionViewCell.swift in Sources */ = {isa = PBXBuildFile; fileRef = B6674EB428CB84A800196025 /* ImageCollectionViewCell.swift */; };
		B6674EB728CBBD0C00196025 /* BoxStatus.swift in Sources */ = {isa = PBXBuildFile; fileRef = B6674EB628CBBD0C00196025 /* BoxStatus.swift */; };
		B6AA697228CB4F000044832E /* AppDelegate.swift in Sources */ = {isa = PBXBuildFile; fileRef = B6AA697128CB4F000044832E /* AppDelegate.swift */; };
		B6AA697428CB4F000044832E /* SceneDelegate.swift in Sources */ = {isa = PBXBuildFile; fileRef = B6AA697328CB4F000044832E /* SceneDelegate.swift */; };
		B6AA697628CB4F000044832E /* ViewController.swift in Sources */ = {isa = PBXBuildFile; fileRef = B6AA697528CB4F000044832E /* ViewController.swift */; };
		B6AA697B28CB4F030044832E /* Assets.xcassets in Resources */ = {isa = PBXBuildFile; fileRef = B6AA697A28CB4F030044832E /* Assets.xcassets */; };
		B6AA697E28CB4F030044832E /* LaunchScreen.storyboard in Resources */ = {isa = PBXBuildFile; fileRef = B6AA697C28CB4F030044832E /* LaunchScreen.storyboard */; };
/* End PBXBuildFile section */

/* Begin PBXFileReference section */
		B65ECCDE28CF02D90052CAB8 /* GameStatusProtocol.swift */ = {isa = PBXFileReference; lastKnownFileType = sourcecode.swift; path = GameStatusProtocol.swift; sourceTree = "<group>"; };
		B65ECCE028CF03590052CAB8 /* GameStatus.swift */ = {isa = PBXFileReference; lastKnownFileType = sourcecode.swift; path = GameStatus.swift; sourceTree = "<group>"; };
		B6674EB428CB84A800196025 /* ImageCollectionViewCell.swift */ = {isa = PBXFileReference; lastKnownFileType = sourcecode.swift; path = ImageCollectionViewCell.swift; sourceTree = "<group>"; };
		B6674EB628CBBD0C00196025 /* BoxStatus.swift */ = {isa = PBXFileReference; lastKnownFileType = sourcecode.swift; path = BoxStatus.swift; sourceTree = "<group>"; };
		B6AA696E28CB4F000044832E /* UI Basics - XOX.app */ = {isa = PBXFileReference; explicitFileType = wrapper.application; includeInIndex = 0; path = "UI Basics - XOX.app"; sourceTree = BUILT_PRODUCTS_DIR; };
		B6AA697128CB4F000044832E /* AppDelegate.swift */ = {isa = PBXFileReference; lastKnownFileType = sourcecode.swift; path = AppDelegate.swift; sourceTree = "<group>"; };
		B6AA697328CB4F000044832E /* SceneDelegate.swift */ = {isa = PBXFileReference; lastKnownFileType = sourcecode.swift; path = SceneDelegate.swift; sourceTree = "<group>"; };
		B6AA697528CB4F000044832E /* ViewController.swift */ = {isa = PBXFileReference; lastKnownFileType = sourcecode.swift; path = ViewController.swift; sourceTree = "<group>"; };
		B6AA697A28CB4F030044832E /* Assets.xcassets */ = {isa = PBXFileReference; lastKnownFileType = folder.assetcatalog; path = Assets.xcassets; sourceTree = "<group>"; };
		B6AA697D28CB4F030044832E /* Base */ = {isa = PBXFileReference; lastKnownFileType = file.storyboard; name = Base; path = Base.lproj/LaunchScreen.storyboard; sourceTree = "<group>"; };
		B6AA697F28CB4F030044832E /* Info.plist */ = {isa = PBXFileReference; lastKnownFileType = text.plist.xml; path = Info.plist; sourceTree = "<group>"; };
/* End PBXFileReference section */

/* Begin PBXFrameworksBuildPhase section */
		B6AA696B28CB4F000044832E /* Frameworks */ = {
			isa = PBXFrameworksBuildPhase;
			buildActionMask = 2147483647;
			files = (
			);
			runOnlyForDeploymentPostprocessing = 0;
		};
/* End PBXFrameworksBuildPhase section */

/* Begin PBXGroup section */
		B6AA696528CB4F000044832E = {
			isa = PBXGroup;
			children = (
				B6AA697028CB4F000044832E /* UI Basics - XOX */,
				B6AA696F28CB4F000044832E /* Products */,
			);
			sourceTree = "<group>";
		};
		B6AA696F28CB4F000044832E /* Products */ = {
			isa = PBXGroup;
			children = (
				B6AA696E28CB4F000044832E /* UI Basics - XOX.app */,
			);
			name = Products;
			sourceTree = "<group>";
		};
		B6AA697028CB4F000044832E /* UI Basics - XOX */ = {
			isa = PBXGroup;
			children = (
				B6AA697128CB4F000044832E /* AppDelegate.swift */,
				B6AA697328CB4F000044832E /* SceneDelegate.swift */,
				B6AA697528CB4F000044832E /* ViewController.swift */,
				B65ECCDE28CF02D90052CAB8 /* GameStatusProtocol.swift */,
				B65ECCE028CF03590052CAB8 /* GameStatus.swift */,
				B6674EB628CBBD0C00196025 /* BoxStatus.swift */,
				B6674EB428CB84A800196025 /* ImageCollectionViewCell.swift */,
				B6AA697A28CB4F030044832E /* Assets.xcassets */,
				B6AA697C28CB4F030044832E /* LaunchScreen.storyboard */,
				B6AA697F28CB4F030044832E /* Info.plist */,
			);
			path = "UI Basics - XOX";
			sourceTree = "<group>";
		};
/* End PBXGroup section */

/* Begin PBXNativeTarget section */
		B6AA696D28CB4F000044832E /* UI Basics - XOX */ = {
			isa = PBXNativeTarget;
			buildConfigurationList = B6AA698228CB4F030044832E /* Build configuration list for PBXNativeTarget "UI Basics - XOX" */;
			buildPhases = (
				B6AA696A28CB4F000044832E /* Sources */,
				B6AA696B28CB4F000044832E /* Frameworks */,
				B6AA696C28CB4F000044832E /* Resources */,
			);
			buildRules = (
			);
			dependencies = (
			);
			name = "UI Basics - XOX";
			productName = "UI Basics - XOX";
			productReference = B6AA696E28CB4F000044832E /* UI Basics - XOX.app */;
			productType = "com.apple.product-type.application";
		};
/* End PBXNativeTarget section */

/* Begin PBXProject section */
		B6AA696628CB4F000044832E /* Project object */ = {
			isa = PBXProject;
			attributes = {
				BuildIndependentTargetsInParallel = 1;
				LastSwiftUpdateCheck = 1340;
				LastUpgradeCheck = 1340;
				TargetAttributes = {
					B6AA696D28CB4F000044832E = {
						CreatedOnToolsVersion = 13.4.1;
					};
				};
			};
			buildConfigurationList = B6AA696928CB4F000044832E /* Build configuration list for PBXProject "UI Basics - XOX" */;
			compatibilityVersion = "Xcode 13.0";
			developmentRegion = en;
			hasScannedForEncodings = 0;
			knownRegions = (
				en,
				Base,
			);
			mainGroup = B6AA696528CB4F000044832E;
			productRefGroup = B6AA696F28CB4F000044832E /* Products */;
			projectDirPath = "";
			projectRoot = "";
			targets = (
				B6AA696D28CB4F000044832E /* UI Basics - XOX */,
			);
		};
/* End PBXProject section */

/* Begin PBXResourcesBuildPhase section */
		B6AA696C28CB4F000044832E /* Resources */ = {
			isa = PBXResourcesBuildPhase;
			buildActionMask = 2147483647;
			files = (
				B6AA697E28CB4F030044832E /* LaunchScreen.storyboard in Resources */,
				B6AA697B28CB4F030044832E /* Assets.xcassets in Resources */,
			);
			runOnlyForDeploymentPostprocessing = 0;
		};
/* End PBXResourcesBuildPhase section */

/* Begin PBXSourcesBuildPhase section */
		B6AA696A28CB4F000044832E /* Sources */ = {
			isa = PBXSourcesBuildPhase;
			buildActionMask = 2147483647;
			files = (
				B6674EB728CBBD0C00196025 /* BoxStatus.swift in Sources */,
				B6AA697628CB4F000044832E /* ViewController.swift in Sources */,
				B6AA697228CB4F000044832E /* AppDelegate.swift in Sources */,
				B65ECCE128CF03590052CAB8 /* GameStatus.swift in Sources */,
				B65ECCDF28CF02D90052CAB8 /* GameStatusProtocol.swift in Sources */,
				B6674EB528CB84A800196025 /* ImageCollectionViewCell.swift in Sources */,
				B6AA697428CB4F000044832E /* SceneDelegate.swift in Sources */,
			);
			runOnlyForDeploymentPostprocessing = 0;
		};
/* End PBXSourcesBuildPhase section */

/* Begin PBXVariantGroup section */
		B6AA697C28CB4F030044832E /* LaunchScreen.storyboard */ = {
			isa = PBXVariantGroup;
			children = (
				B6AA697D28CB4F030044832E /* Base */,
			);
			name = LaunchScreen.storyboard;
			sourceTree = "<group>";
		};
/* End PBXVariantGroup section */

/* Begin XCBuildConfiguration section */
		B6AA698028CB4F030044832E /* Debug */ = {
			isa = XCBuildConfiguration;
			buildSettings = {
				ALWAYS_SEARCH_USER_PATHS = NO;
				CLANG_ANALYZER_NONNULL = YES;
				CLANG_ANALYZER_NUMBER_OBJECT_CONVERSION = YES_AGGRESSIVE;
				CLANG_CXX_LANGUAGE_STANDARD = "gnu++17";
				CLANG_ENABLE_MODULES = YES;
				CLANG_ENABLE_OBJC_ARC = YES;
				CLANG_ENABLE_OBJC_WEAK = YES;
				CLANG_WARN_BLOCK_CAPTURE_AUTORELEASING = YES;
				CLANG_WARN_BOOL_CONVERSION = YES;
				CLANG_WARN_COMMA = YES;
				CLANG_WARN_CONSTANT_CONVERSION = YES;
				CLANG_WARN_DEPRECATED_OBJC_IMPLEMENTATIONS = YES;
				CLANG_WARN_DIRECT_OBJC_ISA_USAGE = YES_ERROR;
				CLANG_WARN_DOCUMENTATION_COMMENTS = YES;
				CLANG_WARN_EMPTY_BODY = YES;
				CLANG_WARN_ENUM_CONVERSION = YES;
				CLANG_WARN_INFINITE_RECURSION = YES;
				CLANG_WARN_INT_CONVERSION = YES;
				CLANG_WARN_NON_LITERAL_NULL_CONVERSION = YES;
				CLANG_WARN_OBJC_IMPLICIT_RETAIN_SELF = YES;
				CLANG_WARN_OBJC_LITERAL_CONVERSION = YES;
				CLANG_WARN_OBJC_ROOT_CLASS = YES_ERROR;
				CLANG_WARN_QUOTED_INCLUDE_IN_FRAMEWORK_HEADER = YES;
				CLANG_WARN_RANGE_LOOP_ANALYSIS = YES;
				CLANG_WARN_STRICT_PROTOTYPES = YES;
				CLANG_WARN_SUSPICIOUS_MOVE = YES;
				CLANG_WARN_UNGUARDED_AVAILABILITY = YES_AGGRESSIVE;
				CLANG_WARN_UNREACHABLE_CODE = YES;
				CLANG_WARN__DUPLICATE_METHOD_MATCH = YES;
				COPY_PHASE_STRIP = NO;
				DEBUG_INFORMATION_FORMAT = dwarf;
				ENABLE_STRICT_OBJC_MSGSEND = YES;
				ENABLE_TESTABILITY = YES;
				GCC_C_LANGUAGE_STANDARD = gnu11;
				GCC_DYNAMIC_NO_PIC = NO;
				GCC_NO_COMMON_BLOCKS = YES;
				GCC_OPTIMIZATION_LEVEL = 0;
				GCC_PREPROCESSOR_DEFINITIONS = (
					"DEBUG=1",
					"$(inherited)",
				);
				GCC_WARN_64_TO_32_BIT_CONVERSION = YES;
				GCC_WARN_ABOUT_RETURN_TYPE = YES_ERROR;
				GCC_WARN_UNDECLARED_SELECTOR = YES;
				GCC_WARN_UNINITIALIZED_AUTOS = YES_AGGRESSIVE;
				GCC_WARN_UNUSED_FUNCTION = YES;
				GCC_WARN_UNUSED_VARIABLE = YES;
				IPHONEOS_DEPLOYMENT_TARGET = 15.5;
				MTL_ENABLE_DEBUG_INFO = INCLUDE_SOURCE;
				MTL_FAST_MATH = YES;
				ONLY_ACTIVE_ARCH = YES;
				SDKROOT = iphoneos;
				SWIFT_ACTIVE_COMPILATION_CONDITIONS = DEBUG;
				SWIFT_OPTIMIZATION_LEVEL = "-Onone";
			};
			name = Debug;
		};
		B6AA698128CB4F030044832E /* Release */ = {
			isa = XCBuildConfiguration;
			buildSettings = {
				ALWAYS_SEARCH_USER_PATHS = NO;
				CLANG_ANALYZER_NONNULL = YES;
				CLANG_ANALYZER_NUMBER_OBJECT_CONVERSION = YES_AGGRESSIVE;
				CLANG_CXX_LANGUAGE_STANDARD = "gnu++17";
				CLANG_ENABLE_MODULES = YES;
				CLANG_ENABLE_OBJC_ARC = YES;
				CLANG_ENABLE_OBJC_WEAK = YES;
				CLANG_WARN_BLOCK_CAPTURE_AUTORELEASING = YES;
				CLANG_WARN_BOOL_CONVERSION = YES;
				CLANG_WARN_COMMA = YES;
				CLANG_WARN_CONSTANT_CONVERSION = YES;
				CLANG_WARN_DEPRECATED_OBJC_IMPLEMENTATIONS = YES;
				CLANG_WARN_DIRECT_OBJC_ISA_USAGE = YES_ERROR;
				CLANG_WARN_DOCUMENTATION_COMMENTS = YES;
				CLANG_WARN_EMPTY_BODY = YES;
				CLANG_WARN_ENUM_CONVERSION = YES;
				CLANG_WARN_INFINITE_RECURSION = YES;
				CLANG_WARN_INT_CONVERSION = YES;
				CLANG_WARN_NON_LITERAL_NULL_CONVERSION = YES;
				CLANG_WARN_OBJC_IMPLICIT_RETAIN_SELF = YES;
				CLANG_WARN_OBJC_LITERAL_CONVERSION = YES;
				CLANG_WARN_OBJC_ROOT_CLASS = YES_ERROR;
				CLANG_WARN_QUOTED_INCLUDE_IN_FRAMEWORK_HEADER = YES;
				CLANG_WARN_RANGE_LOOP_ANALYSIS = YES;
				CLANG_WARN_STRICT_PROTOTYPES = YES;
				CLANG_WARN_SUSPICIOUS_MOVE = YES;
				CLANG_WARN_UNGUARDED_AVAILABILITY = YES_AGGRESSIVE;
				CLANG_WARN_UNREACHABLE_CODE = YES;
				CLANG_WARN__DUPLICATE_METHOD_MATCH = YES;
				COPY_PHASE_STRIP = NO;
				DEBUG_INFORMATION_FORMAT = "dwarf-with-dsym";
				ENABLE_NS_ASSERTIONS = NO;
				ENABLE_STRICT_OBJC_MSGSEND = YES;
				GCC_C_LANGUAGE_STANDARD = gnu11;
				GCC_NO_COMMON_BLOCKS = YES;
				GCC_WARN_64_TO_32_BIT_CONVERSION = YES;
				GCC_WARN_ABOUT_RETURN_TYPE = YES_ERROR;
				GCC_WARN_UNDECLARED_SELECTOR = YES;
				GCC_WARN_UNINITIALIZED_AUTOS = YES_AGGRESSIVE;
				GCC_WARN_UNUSED_FUNCTION = YES;
				GCC_WARN_UNUSED_VARIABLE = YES;
				IPHONEOS_DEPLOYMENT_TARGET = 15.5;
				MTL_ENABLE_DEBUG_INFO = NO;
				MTL_FAST_MATH = YES;
				SDKROOT = iphoneos;
				SWIFT_COMPILATION_MODE = wholemodule;
				SWIFT_OPTIMIZATION_LEVEL = "-O";
				VALIDATE_PRODUCT = YES;
			};
			name = Release;
		};
		B6AA698328CB4F030044832E /* Debug */ = {
			isa = XCBuildConfiguration;
			buildSettings = {
				ASSETCATALOG_COMPILER_APPICON_NAME = AppIcon;
				ASSETCATALOG_COMPILER_GLOBAL_ACCENT_COLOR_NAME = AccentColor;
				CODE_SIGN_STYLE = Automatic;
				CURRENT_PROJECT_VERSION = 1;
				DEVELOPMENT_TEAM = D4P8635MT9;
				GENERATE_INFOPLIST_FILE = YES;
				INFOPLIST_FILE = "UI Basics - XOX/Info.plist";
				INFOPLIST_KEY_UIApplicationSupportsIndirectInputEvents = YES;
				INFOPLIST_KEY_UILaunchStoryboardName = LaunchScreen;
				INFOPLIST_KEY_UISupportedInterfaceOrientations_iPad = "UIInterfaceOrientationPortrait UIInterfaceOrientationPortraitUpsideDown UIInterfaceOrientationLandscapeLeft UIInterfaceOrientationLandscapeRight";
				INFOPLIST_KEY_UISupportedInterfaceOrientations_iPhone = "UIInterfaceOrientationPortrait UIInterfaceOrientationLandscapeLeft UIInterfaceOrientationLandscapeRight";
				LD_RUNPATH_SEARCH_PATHS = (
					"$(inherited)",
					"@executable_path/Frameworks",
				);
				MARKETING_VERSION = 1.0;
				PRODUCT_BUNDLE_IDENTIFIER = "com.amalan.UI-Basics---XOX";
				PRODUCT_NAME = "$(TARGET_NAME)";
				SWIFT_EMIT_LOC_STRINGS = YES;
				SWIFT_VERSION = 5.0;
				TARGETED_DEVICE_FAMILY = "1,2";
			};
			name = Debug;
		};
		B6AA698428CB4F030044832E /* Release */ = {
			isa = XCBuildConfiguration;
			buildSettings = {
				ASSETCATALOG_COMPILER_APPICON_NAME = AppIcon;
				ASSETCATALOG_COMPILER_GLOBAL_ACCENT_COLOR_NAME = AccentColor;
				CODE_SIGN_STYLE = Automatic;
				CURRENT_PROJECT_VERSION = 1;
				DEVELOPMENT_TEAM = D4P8635MT9;
				GENERATE_INFOPLIST_FILE = YES;
				INFOPLIST_FILE = "UI Basics - XOX/Info.plist";
				INFOPLIST_KEY_UIApplicationSupportsIndirectInputEvents = YES;
				INFOPLIST_KEY_UILaunchStoryboardName = LaunchScreen;
				INFOPLIST_KEY_UISupportedInterfaceOrientations_iPad = "UIInterfaceOrientationPortrait UIInterfaceOrientationPortraitUpsideDown UIInterfaceOrientationLandscapeLeft UIInterfaceOrientationLandscapeRight";
				INFOPLIST_KEY_UISupportedInterfaceOrientations_iPhone = "UIInterfaceOrientationPortrait UIInterfaceOrientationLandscapeLeft UIInterfaceOrientationLandscapeRight";
				LD_RUNPATH_SEARCH_PATHS = (
					"$(inherited)",
					"@executable_path/Frameworks",
				);
				MARKETING_VERSION = 1.0;
				PRODUCT_BUNDLE_IDENTIFIER = "com.amalan.UI-Basics---XOX";
				PRODUCT_NAME = "$(TARGET_NAME)";
				SWIFT_EMIT_LOC_STRINGS = YES;
				SWIFT_VERSION = 5.0;
				TARGETED_DEVICE_FAMILY = "1,2";
			};
			name = Release;
		};
/* End XCBuildConfiguration section */

/* Begin XCConfigurationList section */
		B6AA696928CB4F000044832E /* Build configuration list for PBXProject "UI Basics - XOX" */ = {
			isa = XCConfigurationList;
			buildConfigurations = (
				B6AA698028CB4F030044832E /* Debug */,
				B6AA698128CB4F030044832E /* Release */,
			);
			defaultConfigurationIsVisible = 0;
			defaultConfigurationName = Release;
		};
		B6AA698228CB4F030044832E /* Build configuration list for PBXNativeTarget "UI Basics - XOX" */ = {
			isa = XCConfigurationList;
			buildConfigurations = (
				B6AA698328CB4F030044832E /* Debug */,
				B6AA698428CB4F030044832E /* Release */,
			);
			defaultConfigurationIsVisible = 0;
			defaultConfigurationName = Release;
		};
/* End XCConfigurationList section */
	};
	rootObject = B6AA696628CB4F000044832E /* Project object */;
}
